// !$*UTF8*$!
{
	archiveVersion = 1;
	classes = {
	};
	objectVersion = 50;
	objects = {

/* Begin PBXBuildFile section */
		DB614FE72316280900EB1B71 /* AppDelegate.swift in Sources */ = {isa = PBXBuildFile; fileRef = DB614FE62316280900EB1B71 /* AppDelegate.swift */; };
		DB614FE92316280900EB1B71 /* ViewController.swift in Sources */ = {isa = PBXBuildFile; fileRef = DB614FE82316280900EB1B71 /* ViewController.swift */; };
		DB614FEC2316280900EB1B71 /* Main.storyboard in Resources */ = {isa = PBXBuildFile; fileRef = DB614FEA2316280900EB1B71 /* Main.storyboard */; };
		DB614FEE2316280D00EB1B71 /* Assets.xcassets in Resources */ = {isa = PBXBuildFile; fileRef = DB614FED2316280D00EB1B71 /* Assets.xcassets */; };
		DB614FF12316280D00EB1B71 /* LaunchScreen.storyboard in Resources */ = {isa = PBXBuildFile; fileRef = DB614FEF2316280D00EB1B71 /* LaunchScreen.storyboard */; };
		DB614FFC2316280D00EB1B71 /* ArkusnexusTestTests.swift in Sources */ = {isa = PBXBuildFile; fileRef = DB614FFB2316280D00EB1B71 /* ArkusnexusTestTests.swift */; };
		DB6150072316280D00EB1B71 /* ArkusnexusTestUITests.swift in Sources */ = {isa = PBXBuildFile; fileRef = DB6150062316280D00EB1B71 /* ArkusnexusTestUITests.swift */; };
/* End PBXBuildFile section */

/* Begin PBXContainerItemProxy section */
		DB614FF82316280D00EB1B71 /* PBXContainerItemProxy */ = {
			isa = PBXContainerItemProxy;
			containerPortal = DB614FDB2316280900EB1B71 /* Project object */;
			proxyType = 1;
			remoteGlobalIDString = DB614FE22316280900EB1B71;
			remoteInfo = ArkusnexusTest;
		};
		DB6150032316280D00EB1B71 /* PBXContainerItemProxy */ = {
			isa = PBXContainerItemProxy;
			containerPortal = DB614FDB2316280900EB1B71 /* Project object */;
			proxyType = 1;
			remoteGlobalIDString = DB614FE22316280900EB1B71;
			remoteInfo = ArkusnexusTest;
		};
/* End PBXContainerItemProxy section */

/* Begin PBXFileReference section */
		DB614FE32316280900EB1B71 /* ArkusnexusTest.app */ = {isa = PBXFileReference; explicitFileType = wrapper.application; includeInIndex = 0; path = ArkusnexusTest.app; sourceTree = BUILT_PRODUCTS_DIR; };
		DB614FE62316280900EB1B71 /* AppDelegate.swift */ = {isa = PBXFileReference; lastKnownFileType = sourcecode.swift; path = AppDelegate.swift; sourceTree = "<group>"; };
		DB614FE82316280900EB1B71 /* ViewController.swift */ = {isa = PBXFileReference; lastKnownFileType = sourcecode.swift; path = ViewController.swift; sourceTree = "<group>"; };
		DB614FEB2316280900EB1B71 /* Base */ = {isa = PBXFileReference; lastKnownFileType = file.storyboard; name = Base; path = Base.lproj/Main.storyboard; sourceTree = "<group>"; };
		DB614FED2316280D00EB1B71 /* Assets.xcassets */ = {isa = PBXFileReference; lastKnownFileType = folder.assetcatalog; path = Assets.xcassets; sourceTree = "<group>"; };
		DB614FF02316280D00EB1B71 /* Base */ = {isa = PBXFileReference; lastKnownFileType = file.storyboard; name = Base; path = Base.lproj/LaunchScreen.storyboard; sourceTree = "<group>"; };
		DB614FF22316280D00EB1B71 /* Info.plist */ = {isa = PBXFileReference; lastKnownFileType = text.plist.xml; path = Info.plist; sourceTree = "<group>"; };
		DB614FF72316280D00EB1B71 /* ArkusnexusTestTests.xctest */ = {isa = PBXFileReference; explicitFileType = wrapper.cfbundle; includeInIndex = 0; path = ArkusnexusTestTests.xctest; sourceTree = BUILT_PRODUCTS_DIR; };
		DB614FFB2316280D00EB1B71 /* ArkusnexusTestTests.swift */ = {isa = PBXFileReference; lastKnownFileType = sourcecode.swift; path = ArkusnexusTestTests.swift; sourceTree = "<group>"; };
		DB614FFD2316280D00EB1B71 /* Info.plist */ = {isa = PBXFileReference; lastKnownFileType = text.plist.xml; path = Info.plist; sourceTree = "<group>"; };
		DB6150022316280D00EB1B71 /* ArkusnexusTestUITests.xctest */ = {isa = PBXFileReference; explicitFileType = wrapper.cfbundle; includeInIndex = 0; path = ArkusnexusTestUITests.xctest; sourceTree = BUILT_PRODUCTS_DIR; };
		DB6150062316280D00EB1B71 /* ArkusnexusTestUITests.swift */ = {isa = PBXFileReference; lastKnownFileType = sourcecode.swift; path = ArkusnexusTestUITests.swift; sourceTree = "<group>"; };
		DB6150082316280D00EB1B71 /* Info.plist */ = {isa = PBXFileReference; lastKnownFileType = text.plist.xml; path = Info.plist; sourceTree = "<group>"; };
/* End PBXFileReference section */

/* Begin PBXFrameworksBuildPhase section */
		DB614FE02316280900EB1B71 /* Frameworks */ = {
			isa = PBXFrameworksBuildPhase;
			buildActionMask = 2147483647;
			files = (
			);
			runOnlyForDeploymentPostprocessing = 0;
		};
		DB614FF42316280D00EB1B71 /* Frameworks */ = {
			isa = PBXFrameworksBuildPhase;
			buildActionMask = 2147483647;
			files = (
			);
			runOnlyForDeploymentPostprocessing = 0;
		};
		DB614FFF2316280D00EB1B71 /* Frameworks */ = {
			isa = PBXFrameworksBuildPhase;
			buildActionMask = 2147483647;
			files = (
			);
			runOnlyForDeploymentPostprocessing = 0;
		};
/* End PBXFrameworksBuildPhase section */

/* Begin PBXGroup section */
		DB614FDA2316280900EB1B71 = {
			isa = PBXGroup;
			children = (
				DB614FE52316280900EB1B71 /* ArkusnexusTest */,
				DB614FFA2316280D00EB1B71 /* ArkusnexusTestTests */,
				DB6150052316280D00EB1B71 /* ArkusnexusTestUITests */,
				DB614FE42316280900EB1B71 /* Products */,
			);
			sourceTree = "<group>";
		};
		DB614FE42316280900EB1B71 /* Products */ = {
			isa = PBXGroup;
			children = (
				DB614FE32316280900EB1B71 /* ArkusnexusTest.app */,
				DB614FF72316280D00EB1B71 /* ArkusnexusTestTests.xctest */,
				DB6150022316280D00EB1B71 /* ArkusnexusTestUITests.xctest */,
			);
			name = Products;
			sourceTree = "<group>";
		};
		DB614FE52316280900EB1B71 /* ArkusnexusTest */ = {
			isa = PBXGroup;
			children = (
				DB614FE62316280900EB1B71 /* AppDelegate.swift */,
				DB614FE82316280900EB1B71 /* ViewController.swift */,
				DB614FEA2316280900EB1B71 /* Main.storyboard */,
				DB614FED2316280D00EB1B71 /* Assets.xcassets */,
				DB614FEF2316280D00EB1B71 /* LaunchScreen.storyboard */,
				DB614FF22316280D00EB1B71 /* Info.plist */,
			);
			path = ArkusnexusTest;
			sourceTree = "<group>";
		};
		DB614FFA2316280D00EB1B71 /* ArkusnexusTestTests */ = {
			isa = PBXGroup;
			children = (
				DB614FFB2316280D00EB1B71 /* ArkusnexusTestTests.swift */,
				DB614FFD2316280D00EB1B71 /* Info.plist */,
			);
			path = ArkusnexusTestTests;
			sourceTree = "<group>";
		};
		DB6150052316280D00EB1B71 /* ArkusnexusTestUITests */ = {
			isa = PBXGroup;
			children = (
				DB6150062316280D00EB1B71 /* ArkusnexusTestUITests.swift */,
				DB6150082316280D00EB1B71 /* Info.plist */,
			);
			path = ArkusnexusTestUITests;
			sourceTree = "<group>";
		};
/* End PBXGroup section */

/* Begin PBXNativeTarget section */
		DB614FE22316280900EB1B71 /* ArkusnexusTest */ = {
			isa = PBXNativeTarget;
			buildConfigurationList = DB61500B2316280D00EB1B71 /* Build configuration list for PBXNativeTarget "ArkusnexusTest" */;
			buildPhases = (
				DB614FDF2316280900EB1B71 /* Sources */,
				DB614FE02316280900EB1B71 /* Frameworks */,
				DB614FE12316280900EB1B71 /* Resources */,
			);
			buildRules = (
			);
			dependencies = (
			);
			name = ArkusnexusTest;
			productName = ArkusnexusTest;
			productReference = DB614FE32316280900EB1B71 /* ArkusnexusTest.app */;
			productType = "com.apple.product-type.application";
		};
		DB614FF62316280D00EB1B71 /* ArkusnexusTestTests */ = {
			isa = PBXNativeTarget;
			buildConfigurationList = DB61500E2316280D00EB1B71 /* Build configuration list for PBXNativeTarget "ArkusnexusTestTests" */;
			buildPhases = (
				DB614FF32316280D00EB1B71 /* Sources */,
				DB614FF42316280D00EB1B71 /* Frameworks */,
				DB614FF52316280D00EB1B71 /* Resources */,
			);
			buildRules = (
			);
			dependencies = (
				DB614FF92316280D00EB1B71 /* PBXTargetDependency */,
			);
			name = ArkusnexusTestTests;
			productName = ArkusnexusTestTests;
			productReference = DB614FF72316280D00EB1B71 /* ArkusnexusTestTests.xctest */;
			productType = "com.apple.product-type.bundle.unit-test";
		};
		DB6150012316280D00EB1B71 /* ArkusnexusTestUITests */ = {
			isa = PBXNativeTarget;
			buildConfigurationList = DB6150112316280D00EB1B71 /* Build configuration list for PBXNativeTarget "ArkusnexusTestUITests" */;
			buildPhases = (
				DB614FFE2316280D00EB1B71 /* Sources */,
				DB614FFF2316280D00EB1B71 /* Frameworks */,
				DB6150002316280D00EB1B71 /* Resources */,
			);
			buildRules = (
			);
			dependencies = (
				DB6150042316280D00EB1B71 /* PBXTargetDependency */,
			);
			name = ArkusnexusTestUITests;
			productName = ArkusnexusTestUITests;
			productReference = DB6150022316280D00EB1B71 /* ArkusnexusTestUITests.xctest */;
			productType = "com.apple.product-type.bundle.ui-testing";
		};
/* End PBXNativeTarget section */

/* Begin PBXProject section */
		DB614FDB2316280900EB1B71 /* Project object */ = {
			isa = PBXProject;
			attributes = {
				LastSwiftUpdateCheck = 1030;
				LastUpgradeCheck = 1030;
				ORGANIZATIONNAME = "Rogelio Contreras Velázquez";
				TargetAttributes = {
					DB614FE22316280900EB1B71 = {
						CreatedOnToolsVersion = 10.3;
					};
					DB614FF62316280D00EB1B71 = {
						CreatedOnToolsVersion = 10.3;
						TestTargetID = DB614FE22316280900EB1B71;
					};
					DB6150012316280D00EB1B71 = {
						CreatedOnToolsVersion = 10.3;
						TestTargetID = DB614FE22316280900EB1B71;
					};
				};
			};
			buildConfigurationList = DB614FDE2316280900EB1B71 /* Build configuration list for PBXProject "ArkusnexusTest" */;
			compatibilityVersion = "Xcode 9.3";
			developmentRegion = en;
			hasScannedForEncodings = 0;
			knownRegions = (
				en,
				Base,
			);
			mainGroup = DB614FDA2316280900EB1B71;
			productRefGroup = DB614FE42316280900EB1B71 /* Products */;
			projectDirPath = "";
			projectRoot = "";
			targets = (
				DB614FE22316280900EB1B71 /* ArkusnexusTest */,
				DB614FF62316280D00EB1B71 /* ArkusnexusTestTests */,
				DB6150012316280D00EB1B71 /* ArkusnexusTestUITests */,
			);
		};
/* End PBXProject section */

/* Begin PBXResourcesBuildPhase section */
		DB614FE12316280900EB1B71 /* Resources */ = {
			isa = PBXResourcesBuildPhase;
			buildActionMask = 2147483647;
			files = (
				DB614FF12316280D00EB1B71 /* LaunchScreen.storyboard in Resources */,
				DB614FEE2316280D00EB1B71 /* Assets.xcassets in Resources */,
				DB614FEC2316280900EB1B71 /* Main.storyboard in Resources */,
			);
			runOnlyForDeploymentPostprocessing = 0;
		};
		DB614FF52316280D00EB1B71 /* Resources */ = {
			isa = PBXResourcesBuildPhase;
			buildActionMask = 2147483647;
			files = (
			);
			runOnlyForDeploymentPostprocessing = 0;
		};
		DB6150002316280D00EB1B71 /* Resources */ = {
			isa = PBXResourcesBuildPhase;
			buildActionMask = 2147483647;
			files = (
			);
			runOnlyForDeploymentPostprocessing = 0;
		};
/* End PBXResourcesBuildPhase section */

/* Begin PBXSourcesBuildPhase section */
		DB614FDF2316280900EB1B71 /* Sources */ = {
			isa = PBXSourcesBuildPhase;
			buildActionMask = 2147483647;
			files = (
				DB614FE92316280900EB1B71 /* ViewController.swift in Sources */,
				DB614FE72316280900EB1B71 /* AppDelegate.swift in Sources */,
			);
			runOnlyForDeploymentPostprocessing = 0;
		};
		DB614FF32316280D00EB1B71 /* Sources */ = {
			isa = PBXSourcesBuildPhase;
			buildActionMask = 2147483647;
			files = (
				DB614FFC2316280D00EB1B71 /* ArkusnexusTestTests.swift in Sources */,
			);
			runOnlyForDeploymentPostprocessing = 0;
		};
		DB614FFE2316280D00EB1B71 /* Sources */ = {
			isa = PBXSourcesBuildPhase;
			buildActionMask = 2147483647;
			files = (
				DB6150072316280D00EB1B71 /* ArkusnexusTestUITests.swift in Sources */,
			);
			runOnlyForDeploymentPostprocessing = 0;
		};
/* End PBXSourcesBuildPhase section */

/* Begin PBXTargetDependency section */
		DB614FF92316280D00EB1B71 /* PBXTargetDependency */ = {
			isa = PBXTargetDependency;
			target = DB614FE22316280900EB1B71 /* ArkusnexusTest */;
			targetProxy = DB614FF82316280D00EB1B71 /* PBXContainerItemProxy */;
		};
		DB6150042316280D00EB1B71 /* PBXTargetDependency */ = {
			isa = PBXTargetDependency;
			target = DB614FE22316280900EB1B71 /* ArkusnexusTest */;
			targetProxy = DB6150032316280D00EB1B71 /* PBXContainerItemProxy */;
		};
/* End PBXTargetDependency section */

/* Begin PBXVariantGroup section */
		DB614FEA2316280900EB1B71 /* Main.storyboard */ = {
			isa = PBXVariantGroup;
			children = (
				DB614FEB2316280900EB1B71 /* Base */,
			);
			name = Main.storyboard;
			sourceTree = "<group>";
		};
		DB614FEF2316280D00EB1B71 /* LaunchScreen.storyboard */ = {
			isa = PBXVariantGroup;
			children = (
				DB614FF02316280D00EB1B71 /* Base */,
			);
			name = LaunchScreen.storyboard;
			sourceTree = "<group>";
		};
/* End PBXVariantGroup section */

/* Begin XCBuildConfiguration section */
		DB6150092316280D00EB1B71 /* Debug */ = {
			isa = XCBuildConfiguration;
			buildSettings = {
				ALWAYS_SEARCH_USER_PATHS = NO;
				CLANG_ANALYZER_NONNULL = YES;
				CLANG_ANALYZER_NUMBER_OBJECT_CONVERSION = YES_AGGRESSIVE;
				CLANG_CXX_LANGUAGE_STANDARD = "gnu++14";
				CLANG_CXX_LIBRARY = "libc++";
				CLANG_ENABLE_MODULES = YES;
				CLANG_ENABLE_OBJC_ARC = YES;
				CLANG_ENABLE_OBJC_WEAK = YES;
				CLANG_WARN_BLOCK_CAPTURE_AUTORELEASING = YES;
				CLANG_WARN_BOOL_CONVERSION = YES;
				CLANG_WARN_COMMA = YES;
				CLANG_WARN_CONSTANT_CONVERSION = YES;
				CLANG_WARN_DEPRECATED_OBJC_IMPLEMENTATIONS = YES;
				CLANG_WARN_DIRECT_OBJC_ISA_USAGE = YES_ERROR;
				CLANG_WARN_DOCUMENTATION_COMMENTS = YES;
				CLANG_WARN_EMPTY_BODY = YES;
				CLANG_WARN_ENUM_CONVERSION = YES;
				CLANG_WARN_INFINITE_RECURSION = YES;
				CLANG_WARN_INT_CONVERSION = YES;
				CLANG_WARN_NON_LITERAL_NULL_CONVERSION = YES;
				CLANG_WARN_OBJC_IMPLICIT_RETAIN_SELF = YES;
				CLANG_WARN_OBJC_LITERAL_CONVERSION = YES;
				CLANG_WARN_OBJC_ROOT_CLASS = YES_ERROR;
				CLANG_WARN_RANGE_LOOP_ANALYSIS = YES;
				CLANG_WARN_STRICT_PROTOTYPES = YES;
				CLANG_WARN_SUSPICIOUS_MOVE = YES;
				CLANG_WARN_UNGUARDED_AVAILABILITY = YES_AGGRESSIVE;
				CLANG_WARN_UNREACHABLE_CODE = YES;
				CLANG_WARN__DUPLICATE_METHOD_MATCH = YES;
				CODE_SIGN_IDENTITY = "iPhone Developer";
				COPY_PHASE_STRIP = NO;
				DEBUG_INFORMATION_FORMAT = dwarf;
				ENABLE_STRICT_OBJC_MSGSEND = YES;
				ENABLE_TESTABILITY = YES;
				GCC_C_LANGUAGE_STANDARD = gnu11;
				GCC_DYNAMIC_NO_PIC = NO;
				GCC_NO_COMMON_BLOCKS = YES;
				GCC_OPTIMIZATION_LEVEL = 0;
				GCC_PREPROCESSOR_DEFINITIONS = (
					"DEBUG=1",
					"$(inherited)",
				);
				GCC_WARN_64_TO_32_BIT_CONVERSION = YES;
				GCC_WARN_ABOUT_RETURN_TYPE = YES_ERROR;
				GCC_WARN_UNDECLARED_SELECTOR = YES;
				GCC_WARN_UNINITIALIZED_AUTOS = YES_AGGRESSIVE;
				GCC_WARN_UNUSED_FUNCTION = YES;
				GCC_WARN_UNUSED_VARIABLE = YES;
				IPHONEOS_DEPLOYMENT_TARGET = 12.4;
				MTL_ENABLE_DEBUG_INFO = INCLUDE_SOURCE;
				MTL_FAST_MATH = YES;
				ONLY_ACTIVE_ARCH = YES;
				SDKROOT = iphoneos;
				SWIFT_ACTIVE_COMPILATION_CONDITIONS = DEBUG;
				SWIFT_OPTIMIZATION_LEVEL = "-Onone";
			};
			name = Debug;
		};
		DB61500A2316280D00EB1B71 /* Release */ = {
			isa = XCBuildConfiguration;
			buildSettings = {
				ALWAYS_SEARCH_USER_PATHS = NO;
				CLANG_ANALYZER_NONNULL = YES;
				CLANG_ANALYZER_NUMBER_OBJECT_CONVERSION = YES_AGGRESSIVE;
				CLANG_CXX_LANGUAGE_STANDARD = "gnu++14";
				CLANG_CXX_LIBRARY = "libc++";
				CLANG_ENABLE_MODULES = YES;
				CLANG_ENABLE_OBJC_ARC = YES;
				CLANG_ENABLE_OBJC_WEAK = YES;
				CLANG_WARN_BLOCK_CAPTURE_AUTORELEASING = YES;
				CLANG_WARN_BOOL_CONVERSION = YES;
				CLANG_WARN_COMMA = YES;
				CLANG_WARN_CONSTANT_CONVERSION = YES;
				CLANG_WARN_DEPRECATED_OBJC_IMPLEMENTATIONS = YES;
				CLANG_WARN_DIRECT_OBJC_ISA_USAGE = YES_ERROR;
				CLANG_WARN_DOCUMENTATION_COMMENTS = YES;
				CLANG_WARN_EMPTY_BODY = YES;
				CLANG_WARN_ENUM_CONVERSION = YES;
				CLANG_WARN_INFINITE_RECURSION = YES;
				CLANG_WARN_INT_CONVERSION = YES;
				CLANG_WARN_NON_LITERAL_NULL_CONVERSION = YES;
				CLANG_WARN_OBJC_IMPLICIT_RETAIN_SELF = YES;
				CLANG_WARN_OBJC_LITERAL_CONVERSION = YES;
				CLANG_WARN_OBJC_ROOT_CLASS = YES_ERROR;
				CLANG_WARN_RANGE_LOOP_ANALYSIS = YES;
				CLANG_WARN_STRICT_PROTOTYPES = YES;
				CLANG_WARN_SUSPICIOUS_MOVE = YES;
				CLANG_WARN_UNGUARDED_AVAILABILITY = YES_AGGRESSIVE;
				CLANG_WARN_UNREACHABLE_CODE = YES;
				CLANG_WARN__DUPLICATE_METHOD_MATCH = YES;
				CODE_SIGN_IDENTITY = "iPhone Developer";
				COPY_PHASE_STRIP = NO;
				DEBUG_INFORMATION_FORMAT = "dwarf-with-dsym";
				ENABLE_NS_ASSERTIONS = NO;
				ENABLE_STRICT_OBJC_MSGSEND = YES;
				GCC_C_LANGUAGE_STANDARD = gnu11;
				GCC_NO_COMMON_BLOCKS = YES;
				GCC_WARN_64_TO_32_BIT_CONVERSION = YES;
				GCC_WARN_ABOUT_RETURN_TYPE = YES_ERROR;
				GCC_WARN_UNDECLARED_SELECTOR = YES;
				GCC_WARN_UNINITIALIZED_AUTOS = YES_AGGRESSIVE;
				GCC_WARN_UNUSED_FUNCTION = YES;
				GCC_WARN_UNUSED_VARIABLE = YES;
				IPHONEOS_DEPLOYMENT_TARGET = 12.4;
				MTL_ENABLE_DEBUG_INFO = NO;
				MTL_FAST_MATH = YES;
				SDKROOT = iphoneos;
				SWIFT_COMPILATION_MODE = wholemodule;
				SWIFT_OPTIMIZATION_LEVEL = "-O";
				VALIDATE_PRODUCT = YES;
			};
			name = Release;
		};
		DB61500C2316280D00EB1B71 /* Debug */ = {
			isa = XCBuildConfiguration;
			buildSettings = {
				ASSETCATALOG_COMPILER_APPICON_NAME = AppIcon;
				CODE_SIGN_STYLE = Automatic;
				DEVELOPMENT_TEAM = MRD6QA65U4;
				INFOPLIST_FILE = ArkusnexusTest/Info.plist;
				LD_RUNPATH_SEARCH_PATHS = (
					"$(inherited)",
					"@executable_path/Frameworks",
				);
				PRODUCT_BUNDLE_IDENTIFIER = roger.ArkusnexusTest;
				PRODUCT_NAME = "$(TARGET_NAME)";
				SWIFT_VERSION = 5.0;
				TARGETED_DEVICE_FAMILY = "1,2";
			};
			name = Debug;
		};
		DB61500D2316280D00EB1B71 /* Release */ = {
			isa = XCBuildConfiguration;
			buildSettings = {
				ASSETCATALOG_COMPILER_APPICON_NAME = AppIcon;
				CODE_SIGN_STYLE = Automatic;
				DEVELOPMENT_TEAM = MRD6QA65U4;
				INFOPLIST_FILE = ArkusnexusTest/Info.plist;
				LD_RUNPATH_SEARCH_PATHS = (
					"$(inherited)",
					"@executable_path/Frameworks",
				);
				PRODUCT_BUNDLE_IDENTIFIER = roger.ArkusnexusTest;
				PRODUCT_NAME = "$(TARGET_NAME)";
				SWIFT_VERSION = 5.0;
				TARGETED_DEVICE_FAMILY = "1,2";
			};
			name = Release;
		};
		DB61500F2316280D00EB1B71 /* Debug */ = {
			isa = XCBuildConfiguration;
			buildSettings = {
				ALWAYS_EMBED_SWIFT_STANDARD_LIBRARIES = YES;
				BUNDLE_LOADER = "$(TEST_HOST)";
				CODE_SIGN_STYLE = Automatic;
				INFOPLIST_FILE = ArkusnexusTestTests/Info.plist;
				LD_RUNPATH_SEARCH_PATHS = (
					"$(inherited)",
					"@executable_path/Frameworks",
					"@loader_path/Frameworks",
				);
				PRODUCT_BUNDLE_IDENTIFIER = roger.ArkusnexusTestTests;
				PRODUCT_NAME = "$(TARGET_NAME)";
				SWIFT_VERSION = 5.0;
				TARGETED_DEVICE_FAMILY = "1,2";
				TEST_HOST = "$(BUILT_PRODUCTS_DIR)/ArkusnexusTest.app/ArkusnexusTest";
			};
			name = Debug;
		};
		DB6150102316280D00EB1B71 /* Release */ = {
			isa = XCBuildConfiguration;
			buildSettings = {
				ALWAYS_EMBED_SWIFT_STANDARD_LIBRARIES = YES;
				BUNDLE_LOADER = "$(TEST_HOST)";
				CODE_SIGN_STYLE = Automatic;
				INFOPLIST_FILE = ArkusnexusTestTests/Info.plist;
				LD_RUNPATH_SEARCH_PATHS = (
					"$(inherited)",
					"@executable_path/Frameworks",
					"@loader_path/Frameworks",
				);
				PRODUCT_BUNDLE_IDENTIFIER = roger.ArkusnexusTestTests;
				PRODUCT_NAME = "$(TARGET_NAME)";
				SWIFT_VERSION = 5.0;
				TARGETED_DEVICE_FAMILY = "1,2";
				TEST_HOST = "$(BUILT_PRODUCTS_DIR)/ArkusnexusTest.app/ArkusnexusTest";
			};
			name = Release;
		};
		DB6150122316280D00EB1B71 /* Debug */ = {
			isa = XCBuildConfiguration;
			buildSettings = {
				ALWAYS_EMBED_SWIFT_STANDARD_LIBRARIES = YES;
				CODE_SIGN_STYLE = Automatic;
				INFOPLIST_FILE = ArkusnexusTestUITests/Info.plist;
				LD_RUNPATH_SEARCH_PATHS = (
					"$(inherited)",
					"@executable_path/Frameworks",
					"@loader_path/Frameworks",
				);
				PRODUCT_BUNDLE_IDENTIFIER = roger.ArkusnexusTestUITests;
				PRODUCT_NAME = "$(TARGET_NAME)";
				SWIFT_VERSION = 5.0;
				TARGETED_DEVICE_FAMILY = "1,2";
				TEST_TARGET_NAME = ArkusnexusTest;
			};
			name = Debug;
		};
		DB6150132316280D00EB1B71 /* Release */ = {
			isa = XCBuildConfiguration;
			buildSettings = {
				ALWAYS_EMBED_SWIFT_STANDARD_LIBRARIES = YES;
				CODE_SIGN_STYLE = Automatic;
				INFOPLIST_FILE = ArkusnexusTestUITests/Info.plist;
				LD_RUNPATH_SEARCH_PATHS = (
					"$(inherited)",
					"@executable_path/Frameworks",
					"@loader_path/Frameworks",
				);
				PRODUCT_BUNDLE_IDENTIFIER = roger.ArkusnexusTestUITests;
				PRODUCT_NAME = "$(TARGET_NAME)";
				SWIFT_VERSION = 5.0;
				TARGETED_DEVICE_FAMILY = "1,2";
				TEST_TARGET_NAME = ArkusnexusTest;
			};
			name = Release;
		};
/* End XCBuildConfiguration section */

/* Begin XCConfigurationList section */
		DB614FDE2316280900EB1B71 /* Build configuration list for PBXProject "ArkusnexusTest" */ = {
			isa = XCConfigurationList;
			buildConfigurations = (
				DB6150092316280D00EB1B71 /* Debug */,
				DB61500A2316280D00EB1B71 /* Release */,
			);
			defaultConfigurationIsVisible = 0;
			defaultConfigurationName = Release;
		};
		DB61500B2316280D00EB1B71 /* Build configuration list for PBXNativeTarget "ArkusnexusTest" */ = {
			isa = XCConfigurationList;
			buildConfigurations = (
				DB61500C2316280D00EB1B71 /* Debug */,
				DB61500D2316280D00EB1B71 /* Release */,
			);
			defaultConfigurationIsVisible = 0;
			defaultConfigurationName = Release;
		};
		DB61500E2316280D00EB1B71 /* Build configuration list for PBXNativeTarget "ArkusnexusTestTests" */ = {
			isa = XCConfigurationList;
			buildConfigurations = (
				DB61500F2316280D00EB1B71 /* Debug */,
				DB6150102316280D00EB1B71 /* Release */,
			);
			defaultConfigurationIsVisible = 0;
			defaultConfigurationName = Release;
		};
		DB6150112316280D00EB1B71 /* Build configuration list for PBXNativeTarget "ArkusnexusTestUITests" */ = {
			isa = XCConfigurationList;
			buildConfigurations = (
				DB6150122316280D00EB1B71 /* Debug */,
				DB6150132316280D00EB1B71 /* Release */,
			);
			defaultConfigurationIsVisible = 0;
			defaultConfigurationName = Release;
		};
/* End XCConfigurationList section */
	};
	rootObject = DB614FDB2316280900EB1B71 /* Project object */;
}
