// !$*UTF8*$!
{
	archiveVersion = 1;
	classes = {
	};
	objectVersion = 51;
	objects = {

/* Begin PBXBuildFile section */
		4E888261304F37C0D8908BB3 /* Pods_ArkusnexusTestTests.framework in Frameworks */ = {isa = PBXBuildFile; fileRef = 3F8FD3FC5C04457169D2BDF2 /* Pods_ArkusnexusTestTests.framework */; };
		C0BDA79862D444A271A439C5 /* Pods_ArkusnexusTest.framework in Frameworks */ = {isa = PBXBuildFile; fileRef = 5C5AA7CC76FE9CC921C1B64C /* Pods_ArkusnexusTest.framework */; };
		DB614FE72316280900EB1B71 /* AppDelegate.swift in Sources */ = {isa = PBXBuildFile; fileRef = DB614FE62316280900EB1B71 /* AppDelegate.swift */; };
		DB614FEC2316280900EB1B71 /* Main.storyboard in Resources */ = {isa = PBXBuildFile; fileRef = DB614FEA2316280900EB1B71 /* Main.storyboard */; };
		DB614FEE2316280D00EB1B71 /* Assets.xcassets in Resources */ = {isa = PBXBuildFile; fileRef = DB614FED2316280D00EB1B71 /* Assets.xcassets */; };
		DB614FF12316280D00EB1B71 /* LaunchScreen.storyboard in Resources */ = {isa = PBXBuildFile; fileRef = DB614FEF2316280D00EB1B71 /* LaunchScreen.storyboard */; };
		DB614FFC2316280D00EB1B71 /* ArkusnexusTestTests.swift in Sources */ = {isa = PBXBuildFile; fileRef = DB614FFB2316280D00EB1B71 /* ArkusnexusTestTests.swift */; };
		DB6150072316280D00EB1B71 /* ArkusnexusTestUITests.swift in Sources */ = {isa = PBXBuildFile; fileRef = DB6150062316280D00EB1B71 /* ArkusnexusTestUITests.swift */; };
		DB61501C23162CAF00EB1B71 /* PlacesListTableViewController.swift in Sources */ = {isa = PBXBuildFile; fileRef = DB61501B23162CAF00EB1B71 /* PlacesListTableViewController.swift */; };
		DB61502023162FF200EB1B71 /* PlacesHandler.swift in Sources */ = {isa = PBXBuildFile; fileRef = DB61501F23162FF200EB1B71 /* PlacesHandler.swift */; };
		DB615022231708B000EB1B71 /* PlaceDetailTableViewController.swift in Sources */ = {isa = PBXBuildFile; fileRef = DB615021231708B000EB1B71 /* PlaceDetailTableViewController.swift */; };
		DB615027231761BB00EB1B71 /* PlaceItemTableViewCell.swift in Sources */ = {isa = PBXBuildFile; fileRef = DB615025231761BB00EB1B71 /* PlaceItemTableViewCell.swift */; };
		DB615028231761BB00EB1B71 /* PlaceItemTableViewCell.xib in Resources */ = {isa = PBXBuildFile; fileRef = DB615026231761BB00EB1B71 /* PlaceItemTableViewCell.xib */; };
		DB61502A231777C300EB1B71 /* Extensions.swift in Sources */ = {isa = PBXBuildFile; fileRef = DB615029231777C300EB1B71 /* Extensions.swift */; };
		DB61502C2318A92F00EB1B71 /* User.swift in Sources */ = {isa = PBXBuildFile; fileRef = DB61502B2318A92F00EB1B71 /* User.swift */; };
		EF591C417C9D74E5CA5A6507 /* Pods_ArkusnexusTestUITests.framework in Frameworks */ = {isa = PBXBuildFile; fileRef = FCE60B56652A8CC8770810AB /* Pods_ArkusnexusTestUITests.framework */; };
/* End PBXBuildFile section */

/* Begin PBXContainerItemProxy section */
		DB614FF82316280D00EB1B71 /* PBXContainerItemProxy */ = {
			isa = PBXContainerItemProxy;
			containerPortal = DB614FDB2316280900EB1B71 /* Project object */;
			proxyType = 1;
			remoteGlobalIDString = DB614FE22316280900EB1B71;
			remoteInfo = ArkusnexusTest;
		};
		DB6150032316280D00EB1B71 /* PBXContainerItemProxy */ = {
			isa = PBXContainerItemProxy;
			containerPortal = DB614FDB2316280900EB1B71 /* Project object */;
			proxyType = 1;
			remoteGlobalIDString = DB614FE22316280900EB1B71;
			remoteInfo = ArkusnexusTest;
		};
/* End PBXContainerItemProxy section */

/* Begin PBXFileReference section */
		303196696F43CDE05DA91519 /* Pods-ArkusnexusTestUITests.debug.xcconfig */ = {isa = PBXFileReference; includeInIndex = 1; lastKnownFileType = text.xcconfig; name = "Pods-ArkusnexusTestUITests.debug.xcconfig"; path = "Target Support Files/Pods-ArkusnexusTestUITests/Pods-ArkusnexusTestUITests.debug.xcconfig"; sourceTree = "<group>"; };
		382654B56A75DE5F3063563A /* Pods-ArkusnexusTestUITests.release.xcconfig */ = {isa = PBXFileReference; includeInIndex = 1; lastKnownFileType = text.xcconfig; name = "Pods-ArkusnexusTestUITests.release.xcconfig"; path = "Target Support Files/Pods-ArkusnexusTestUITests/Pods-ArkusnexusTestUITests.release.xcconfig"; sourceTree = "<group>"; };
		3F8FD3FC5C04457169D2BDF2 /* Pods_ArkusnexusTestTests.framework */ = {isa = PBXFileReference; explicitFileType = wrapper.framework; includeInIndex = 0; path = Pods_ArkusnexusTestTests.framework; sourceTree = BUILT_PRODUCTS_DIR; };
		5C5AA7CC76FE9CC921C1B64C /* Pods_ArkusnexusTest.framework */ = {isa = PBXFileReference; explicitFileType = wrapper.framework; includeInIndex = 0; path = Pods_ArkusnexusTest.framework; sourceTree = BUILT_PRODUCTS_DIR; };
		BE35A84C62ABDB9B51020B2D /* Pods-ArkusnexusTestTests.debug.xcconfig */ = {isa = PBXFileReference; includeInIndex = 1; lastKnownFileType = text.xcconfig; name = "Pods-ArkusnexusTestTests.debug.xcconfig"; path = "Target Support Files/Pods-ArkusnexusTestTests/Pods-ArkusnexusTestTests.debug.xcconfig"; sourceTree = "<group>"; };
		D11253995833B8D910D25AC7 /* Pods-ArkusnexusTest.debug.xcconfig */ = {isa = PBXFileReference; includeInIndex = 1; lastKnownFileType = text.xcconfig; name = "Pods-ArkusnexusTest.debug.xcconfig"; path = "Target Support Files/Pods-ArkusnexusTest/Pods-ArkusnexusTest.debug.xcconfig"; sourceTree = "<group>"; };
		DB614FE32316280900EB1B71 /* ArkusnexusTest.app */ = {isa = PBXFileReference; explicitFileType = wrapper.application; includeInIndex = 0; path = ArkusnexusTest.app; sourceTree = BUILT_PRODUCTS_DIR; };
		DB614FE62316280900EB1B71 /* AppDelegate.swift */ = {isa = PBXFileReference; lastKnownFileType = sourcecode.swift; path = AppDelegate.swift; sourceTree = "<group>"; };
		DB614FEB2316280900EB1B71 /* Base */ = {isa = PBXFileReference; lastKnownFileType = file.storyboard; name = Base; path = Base.lproj/Main.storyboard; sourceTree = "<group>"; };
		DB614FED2316280D00EB1B71 /* Assets.xcassets */ = {isa = PBXFileReference; lastKnownFileType = folder.assetcatalog; path = Assets.xcassets; sourceTree = "<group>"; };
		DB614FF02316280D00EB1B71 /* Base */ = {isa = PBXFileReference; lastKnownFileType = file.storyboard; name = Base; path = Base.lproj/LaunchScreen.storyboard; sourceTree = "<group>"; };
		DB614FF22316280D00EB1B71 /* Info.plist */ = {isa = PBXFileReference; lastKnownFileType = text.plist.xml; path = Info.plist; sourceTree = "<group>"; };
		DB614FF72316280D00EB1B71 /* ArkusnexusTestTests.xctest */ = {isa = PBXFileReference; explicitFileType = wrapper.cfbundle; includeInIndex = 0; path = ArkusnexusTestTests.xctest; sourceTree = BUILT_PRODUCTS_DIR; };
		DB614FFB2316280D00EB1B71 /* ArkusnexusTestTests.swift */ = {isa = PBXFileReference; lastKnownFileType = sourcecode.swift; path = ArkusnexusTestTests.swift; sourceTree = "<group>"; };
		DB614FFD2316280D00EB1B71 /* Info.plist */ = {isa = PBXFileReference; lastKnownFileType = text.plist.xml; path = Info.plist; sourceTree = "<group>"; };
		DB6150022316280D00EB1B71 /* ArkusnexusTestUITests.xctest */ = {isa = PBXFileReference; explicitFileType = wrapper.cfbundle; includeInIndex = 0; path = ArkusnexusTestUITests.xctest; sourceTree = BUILT_PRODUCTS_DIR; };
		DB6150062316280D00EB1B71 /* ArkusnexusTestUITests.swift */ = {isa = PBXFileReference; lastKnownFileType = sourcecode.swift; path = ArkusnexusTestUITests.swift; sourceTree = "<group>"; };
		DB6150082316280D00EB1B71 /* Info.plist */ = {isa = PBXFileReference; lastKnownFileType = text.plist.xml; path = Info.plist; sourceTree = "<group>"; };
		DB61501B23162CAF00EB1B71 /* PlacesListTableViewController.swift */ = {isa = PBXFileReference; lastKnownFileType = sourcecode.swift; path = PlacesListTableViewController.swift; sourceTree = "<group>"; };
		DB61501F23162FF200EB1B71 /* PlacesHandler.swift */ = {isa = PBXFileReference; lastKnownFileType = sourcecode.swift; path = PlacesHandler.swift; sourceTree = "<group>"; };
		DB615021231708B000EB1B71 /* PlaceDetailTableViewController.swift */ = {isa = PBXFileReference; lastKnownFileType = sourcecode.swift; path = PlaceDetailTableViewController.swift; sourceTree = "<group>"; };
		DB615025231761BB00EB1B71 /* PlaceItemTableViewCell.swift */ = {isa = PBXFileReference; lastKnownFileType = sourcecode.swift; path = PlaceItemTableViewCell.swift; sourceTree = "<group>"; };
		DB615026231761BB00EB1B71 /* PlaceItemTableViewCell.xib */ = {isa = PBXFileReference; lastKnownFileType = file.xib; path = PlaceItemTableViewCell.xib; sourceTree = "<group>"; };
		DB615029231777C300EB1B71 /* Extensions.swift */ = {isa = PBXFileReference; lastKnownFileType = sourcecode.swift; path = Extensions.swift; sourceTree = "<group>"; };
		DB61502B2318A92F00EB1B71 /* User.swift */ = {isa = PBXFileReference; lastKnownFileType = sourcecode.swift; path = User.swift; sourceTree = "<group>"; };
		F6D09B0269D379ACFB942AA1 /* Pods-ArkusnexusTestTests.release.xcconfig */ = {isa = PBXFileReference; includeInIndex = 1; lastKnownFileType = text.xcconfig; name = "Pods-ArkusnexusTestTests.release.xcconfig"; path = "Target Support Files/Pods-ArkusnexusTestTests/Pods-ArkusnexusTestTests.release.xcconfig"; sourceTree = "<group>"; };
		F99741CFF342F1A5CC8075C6 /* Pods-ArkusnexusTest.release.xcconfig */ = {isa = PBXFileReference; includeInIndex = 1; lastKnownFileType = text.xcconfig; name = "Pods-ArkusnexusTest.release.xcconfig"; path = "Target Support Files/Pods-ArkusnexusTest/Pods-ArkusnexusTest.release.xcconfig"; sourceTree = "<group>"; };
		FCE60B56652A8CC8770810AB /* Pods_ArkusnexusTestUITests.framework */ = {isa = PBXFileReference; explicitFileType = wrapper.framework; includeInIndex = 0; path = Pods_ArkusnexusTestUITests.framework; sourceTree = BUILT_PRODUCTS_DIR; };
/* End PBXFileReference section */

/* Begin PBXFrameworksBuildPhase section */
		DB614FE02316280900EB1B71 /* Frameworks */ = {
			isa = PBXFrameworksBuildPhase;
			buildActionMask = 2147483647;
			files = (
				C0BDA79862D444A271A439C5 /* Pods_ArkusnexusTest.framework in Frameworks */,
			);
			runOnlyForDeploymentPostprocessing = 0;
		};
		DB614FF42316280D00EB1B71 /* Frameworks */ = {
			isa = PBXFrameworksBuildPhase;
			buildActionMask = 2147483647;
			files = (
				4E888261304F37C0D8908BB3 /* Pods_ArkusnexusTestTests.framework in Frameworks */,
			);
			runOnlyForDeploymentPostprocessing = 0;
		};
		DB614FFF2316280D00EB1B71 /* Frameworks */ = {
			isa = PBXFrameworksBuildPhase;
			buildActionMask = 2147483647;
			files = (
				EF591C417C9D74E5CA5A6507 /* Pods_ArkusnexusTestUITests.framework in Frameworks */,
			);
			runOnlyForDeploymentPostprocessing = 0;
		};
/* End PBXFrameworksBuildPhase section */

/* Begin PBXGroup section */
		A956D34CCA72CFF3B8CB9CDF /* Frameworks */ = {
			isa = PBXGroup;
			children = (
				5C5AA7CC76FE9CC921C1B64C /* Pods_ArkusnexusTest.framework */,
				3F8FD3FC5C04457169D2BDF2 /* Pods_ArkusnexusTestTests.framework */,
				FCE60B56652A8CC8770810AB /* Pods_ArkusnexusTestUITests.framework */,
			);
			name = Frameworks;
			sourceTree = "<group>";
		};
		B99218D49B9B38158DB689C1 /* Pods */ = {
			isa = PBXGroup;
			children = (
				D11253995833B8D910D25AC7 /* Pods-ArkusnexusTest.debug.xcconfig */,
				F99741CFF342F1A5CC8075C6 /* Pods-ArkusnexusTest.release.xcconfig */,
				BE35A84C62ABDB9B51020B2D /* Pods-ArkusnexusTestTests.debug.xcconfig */,
				F6D09B0269D379ACFB942AA1 /* Pods-ArkusnexusTestTests.release.xcconfig */,
				303196696F43CDE05DA91519 /* Pods-ArkusnexusTestUITests.debug.xcconfig */,
				382654B56A75DE5F3063563A /* Pods-ArkusnexusTestUITests.release.xcconfig */,
			);
			path = Pods;
			sourceTree = "<group>";
		};
		DB614FDA2316280900EB1B71 = {
			isa = PBXGroup;
			children = (
				DB614FE52316280900EB1B71 /* ArkusnexusTest */,
				DB614FFA2316280D00EB1B71 /* ArkusnexusTestTests */,
				DB6150052316280D00EB1B71 /* ArkusnexusTestUITests */,
				DB614FE42316280900EB1B71 /* Products */,
				B99218D49B9B38158DB689C1 /* Pods */,
				A956D34CCA72CFF3B8CB9CDF /* Frameworks */,
			);
			sourceTree = "<group>";
		};
		DB614FE42316280900EB1B71 /* Products */ = {
			isa = PBXGroup;
			children = (
				DB614FE32316280900EB1B71 /* ArkusnexusTest.app */,
				DB614FF72316280D00EB1B71 /* ArkusnexusTestTests.xctest */,
				DB6150022316280D00EB1B71 /* ArkusnexusTestUITests.xctest */,
			);
			name = Products;
			sourceTree = "<group>";
		};
		DB614FE52316280900EB1B71 /* ArkusnexusTest */ = {
			isa = PBXGroup;
			children = (
				DB61501823162B8000EB1B71 /* Storyboards */,
				DB61501723162B6D00EB1B71 /* Utils */,
				DB61501623162B4C00EB1B71 /* TableViewCells */,
				DB61501523162B4400EB1B71 /* Controllers */,
				DB61501423162B3B00EB1B71 /* Models */,
				DB614FE62316280900EB1B71 /* AppDelegate.swift */,
				DB614FF22316280D00EB1B71 /* Info.plist */,
			);
			path = ArkusnexusTest;
			sourceTree = "<group>";
		};
		DB614FFA2316280D00EB1B71 /* ArkusnexusTestTests */ = {
			isa = PBXGroup;
			children = (
				DB614FFB2316280D00EB1B71 /* ArkusnexusTestTests.swift */,
				DB614FFD2316280D00EB1B71 /* Info.plist */,
			);
			path = ArkusnexusTestTests;
			sourceTree = "<group>";
		};
		DB6150052316280D00EB1B71 /* ArkusnexusTestUITests */ = {
			isa = PBXGroup;
			children = (
				DB6150062316280D00EB1B71 /* ArkusnexusTestUITests.swift */,
				DB6150082316280D00EB1B71 /* Info.plist */,
			);
			path = ArkusnexusTestUITests;
			sourceTree = "<group>";
		};
		DB61501423162B3B00EB1B71 /* Models */ = {
			isa = PBXGroup;
			children = (
				DB61501F23162FF200EB1B71 /* PlacesHandler.swift */,
				DB61502B2318A92F00EB1B71 /* User.swift */,
			);
			path = Models;
			sourceTree = "<group>";
		};
		DB61501523162B4400EB1B71 /* Controllers */ = {
			isa = PBXGroup;
			children = (
				DB61501B23162CAF00EB1B71 /* PlacesListTableViewController.swift */,
				DB615021231708B000EB1B71 /* PlaceDetailTableViewController.swift */,
			);
			path = Controllers;
			sourceTree = "<group>";
		};
		DB61501623162B4C00EB1B71 /* TableViewCells */ = {
			isa = PBXGroup;
			children = (
				DB615025231761BB00EB1B71 /* PlaceItemTableViewCell.swift */,
				DB615026231761BB00EB1B71 /* PlaceItemTableViewCell.xib */,
			);
			path = TableViewCells;
			sourceTree = "<group>";
		};
		DB61501723162B6D00EB1B71 /* Utils */ = {
			isa = PBXGroup;
			children = (
				DB61501A23162BB300EB1B71 /* Extensions */,
				DB61501923162BAC00EB1B71 /* Assets */,
			);
			path = Utils;
			sourceTree = "<group>";
		};
		DB61501823162B8000EB1B71 /* Storyboards */ = {
			isa = PBXGroup;
			children = (
				DB614FEA2316280900EB1B71 /* Main.storyboard */,
				DB614FEF2316280D00EB1B71 /* LaunchScreen.storyboard */,
			);
			path = Storyboards;
			sourceTree = "<group>";
		};
		DB61501923162BAC00EB1B71 /* Assets */ = {
			isa = PBXGroup;
			children = (
				DB614FED2316280D00EB1B71 /* Assets.xcassets */,
			);
			path = Assets;
			sourceTree = "<group>";
		};
		DB61501A23162BB300EB1B71 /* Extensions */ = {
			isa = PBXGroup;
			children = (
				DB615029231777C300EB1B71 /* Extensions.swift */,
			);
			path = Extensions;
			sourceTree = "<group>";
		};
/* End PBXGroup section */

/* Begin PBXNativeTarget section */
		DB614FE22316280900EB1B71 /* ArkusnexusTest */ = {
			isa = PBXNativeTarget;
			buildConfigurationList = DB61500B2316280D00EB1B71 /* Build configuration list for PBXNativeTarget "ArkusnexusTest" */;
			buildPhases = (
				9DA566D0BF29F4AD765B629C /* [CP] Check Pods Manifest.lock */,
				DB614FDF2316280900EB1B71 /* Sources */,
				DB614FE02316280900EB1B71 /* Frameworks */,
				DB614FE12316280900EB1B71 /* Resources */,
				B82F1A6FDCEF92AFAF862C97 /* [CP] Copy Pods Resources */,
				D1626704359340B8FB98FF14 /* [CP] Embed Pods Frameworks */,
			);
			buildRules = (
			);
			dependencies = (
			);
			name = ArkusnexusTest;
			productName = ArkusnexusTest;
			productReference = DB614FE32316280900EB1B71 /* ArkusnexusTest.app */;
			productType = "com.apple.product-type.application";
		};
		DB614FF62316280D00EB1B71 /* ArkusnexusTestTests */ = {
			isa = PBXNativeTarget;
			buildConfigurationList = DB61500E2316280D00EB1B71 /* Build configuration list for PBXNativeTarget "ArkusnexusTestTests" */;
			buildPhases = (
				CEE4779EC6F5308F97C43481 /* [CP] Check Pods Manifest.lock */,
				DB614FF32316280D00EB1B71 /* Sources */,
				DB614FF42316280D00EB1B71 /* Frameworks */,
				DB614FF52316280D00EB1B71 /* Resources */,
			);
			buildRules = (
			);
			dependencies = (
				DB614FF92316280D00EB1B71 /* PBXTargetDependency */,
			);
			name = ArkusnexusTestTests;
			productName = ArkusnexusTestTests;
			productReference = DB614FF72316280D00EB1B71 /* ArkusnexusTestTests.xctest */;
			productType = "com.apple.product-type.bundle.unit-test";
		};
		DB6150012316280D00EB1B71 /* ArkusnexusTestUITests */ = {
			isa = PBXNativeTarget;
			buildConfigurationList = DB6150112316280D00EB1B71 /* Build configuration list for PBXNativeTarget "ArkusnexusTestUITests" */;
			buildPhases = (
				2F0DC4DA6F69E24664FEDF94 /* [CP] Check Pods Manifest.lock */,
				DB614FFE2316280D00EB1B71 /* Sources */,
				DB614FFF2316280D00EB1B71 /* Frameworks */,
				DB6150002316280D00EB1B71 /* Resources */,
			);
			buildRules = (
			);
			dependencies = (
				DB6150042316280D00EB1B71 /* PBXTargetDependency */,
			);
			name = ArkusnexusTestUITests;
			productName = ArkusnexusTestUITests;
			productReference = DB6150022316280D00EB1B71 /* ArkusnexusTestUITests.xctest */;
			productType = "com.apple.product-type.bundle.ui-testing";
		};
/* End PBXNativeTarget section */

/* Begin PBXProject section */
		DB614FDB2316280900EB1B71 /* Project object */ = {
			isa = PBXProject;
			attributes = {
				LastSwiftUpdateCheck = 1030;
				LastUpgradeCheck = 1030;
				ORGANIZATIONNAME = "Rogelio Contreras Velázquez";
				TargetAttributes = {
					DB614FE22316280900EB1B71 = {
						CreatedOnToolsVersion = 10.3;
						SystemCapabilities = {
							com.apple.BackgroundModes = {
								enabled = 1;
							};
						};
					};
					DB614FF62316280D00EB1B71 = {
						CreatedOnToolsVersion = 10.3;
						TestTargetID = DB614FE22316280900EB1B71;
					};
					DB6150012316280D00EB1B71 = {
						CreatedOnToolsVersion = 10.3;
						TestTargetID = DB614FE22316280900EB1B71;
					};
				};
			};
			buildConfigurationList = DB614FDE2316280900EB1B71 /* Build configuration list for PBXProject "ArkusnexusTest" */;
			compatibilityVersion = "Xcode 9.3";
			developmentRegion = en;
			hasScannedForEncodings = 0;
			knownRegions = (
				en,
				Base,
			);
			mainGroup = DB614FDA2316280900EB1B71;
			productRefGroup = DB614FE42316280900EB1B71 /* Products */;
			projectDirPath = "";
			projectRoot = "";
			targets = (
				DB614FE22316280900EB1B71 /* ArkusnexusTest */,
				DB614FF62316280D00EB1B71 /* ArkusnexusTestTests */,
				DB6150012316280D00EB1B71 /* ArkusnexusTestUITests */,
			);
		};
/* End PBXProject section */

/* Begin PBXResourcesBuildPhase section */
		DB614FE12316280900EB1B71 /* Resources */ = {
			isa = PBXResourcesBuildPhase;
			buildActionMask = 2147483647;
			files = (
				DB614FF12316280D00EB1B71 /* LaunchScreen.storyboard in Resources */,
				DB614FEE2316280D00EB1B71 /* Assets.xcassets in Resources */,
				DB615028231761BB00EB1B71 /* PlaceItemTableViewCell.xib in Resources */,
				DB614FEC2316280900EB1B71 /* Main.storyboard in Resources */,
			);
			runOnlyForDeploymentPostprocessing = 0;
		};
		DB614FF52316280D00EB1B71 /* Resources */ = {
			isa = PBXResourcesBuildPhase;
			buildActionMask = 2147483647;
			files = (
			);
			runOnlyForDeploymentPostprocessing = 0;
		};
		DB6150002316280D00EB1B71 /* Resources */ = {
			isa = PBXResourcesBuildPhase;
			buildActionMask = 2147483647;
			files = (
			);
			runOnlyForDeploymentPostprocessing = 0;
		};
/* End PBXResourcesBuildPhase section */

/* Begin PBXShellScriptBuildPhase section */
		2F0DC4DA6F69E24664FEDF94 /* [CP] Check Pods Manifest.lock */ = {
			isa = PBXShellScriptBuildPhase;
			buildActionMask = 2147483647;
			files = (
			);
			inputFileListPaths = (
			);
			inputPaths = (
				"${PODS_PODFILE_DIR_PATH}/Podfile.lock",
				"${PODS_ROOT}/Manifest.lock",
			);
			name = "[CP] Check Pods Manifest.lock";
			outputFileListPaths = (
			);
			outputPaths = (
				"$(DERIVED_FILE_DIR)/Pods-ArkusnexusTestUITests-checkManifestLockResult.txt",
			);
			runOnlyForDeploymentPostprocessing = 0;
			shellPath = /bin/sh;
			shellScript = "diff \"${PODS_PODFILE_DIR_PATH}/Podfile.lock\" \"${PODS_ROOT}/Manifest.lock\" > /dev/null\nif [ $? != 0 ] ; then\n    # print error to STDERR\n    echo \"error: The sandbox is not in sync with the Podfile.lock. Run 'pod install' or update your CocoaPods installation.\" >&2\n    exit 1\nfi\n# This output is used by Xcode 'outputs' to avoid re-running this script phase.\necho \"SUCCESS\" > \"${SCRIPT_OUTPUT_FILE_0}\"\n";
			showEnvVarsInLog = 0;
		};
		9DA566D0BF29F4AD765B629C /* [CP] Check Pods Manifest.lock */ = {
			isa = PBXShellScriptBuildPhase;
			buildActionMask = 2147483647;
			files = (
			);
			inputFileListPaths = (
			);
			inputPaths = (
				"${PODS_PODFILE_DIR_PATH}/Podfile.lock",
				"${PODS_ROOT}/Manifest.lock",
			);
			name = "[CP] Check Pods Manifest.lock";
			outputFileListPaths = (
			);
			outputPaths = (
				"$(DERIVED_FILE_DIR)/Pods-ArkusnexusTest-checkManifestLockResult.txt",
			);
			runOnlyForDeploymentPostprocessing = 0;
			shellPath = /bin/sh;
			shellScript = "diff \"${PODS_PODFILE_DIR_PATH}/Podfile.lock\" \"${PODS_ROOT}/Manifest.lock\" > /dev/null\nif [ $? != 0 ] ; then\n    # print error to STDERR\n    echo \"error: The sandbox is not in sync with the Podfile.lock. Run 'pod install' or update your CocoaPods installation.\" >&2\n    exit 1\nfi\n# This output is used by Xcode 'outputs' to avoid re-running this script phase.\necho \"SUCCESS\" > \"${SCRIPT_OUTPUT_FILE_0}\"\n";
			showEnvVarsInLog = 0;
		};
		B82F1A6FDCEF92AFAF862C97 /* [CP] Copy Pods Resources */ = {
			isa = PBXShellScriptBuildPhase;
			buildActionMask = 2147483647;
			files = (
			);
			inputFileListPaths = (
				"${PODS_ROOT}/Target Support Files/Pods-ArkusnexusTest/Pods-ArkusnexusTest-resources-${CONFIGURATION}-input-files.xcfilelist",
			);
			name = "[CP] Copy Pods Resources";
			outputFileListPaths = (
				"${PODS_ROOT}/Target Support Files/Pods-ArkusnexusTest/Pods-ArkusnexusTest-resources-${CONFIGURATION}-output-files.xcfilelist",
			);
			runOnlyForDeploymentPostprocessing = 0;
			shellPath = /bin/sh;
			shellScript = "\"${PODS_ROOT}/Target Support Files/Pods-ArkusnexusTest/Pods-ArkusnexusTest-resources.sh\"\n";
			showEnvVarsInLog = 0;
		};
		CEE4779EC6F5308F97C43481 /* [CP] Check Pods Manifest.lock */ = {
			isa = PBXShellScriptBuildPhase;
			buildActionMask = 2147483647;
			files = (
			);
			inputFileListPaths = (
			);
			inputPaths = (
				"${PODS_PODFILE_DIR_PATH}/Podfile.lock",
				"${PODS_ROOT}/Manifest.lock",
			);
			name = "[CP] Check Pods Manifest.lock";
			outputFileListPaths = (
			);
			outputPaths = (
				"$(DERIVED_FILE_DIR)/Pods-ArkusnexusTestTests-checkManifestLockResult.txt",
			);
			runOnlyForDeploymentPostprocessing = 0;
			shellPath = /bin/sh;
			shellScript = "diff \"${PODS_PODFILE_DIR_PATH}/Podfile.lock\" \"${PODS_ROOT}/Manifest.lock\" > /dev/null\nif [ $? != 0 ] ; then\n    # print error to STDERR\n    echo \"error: The sandbox is not in sync with the Podfile.lock. Run 'pod install' or update your CocoaPods installation.\" >&2\n    exit 1\nfi\n# This output is used by Xcode 'outputs' to avoid re-running this script phase.\necho \"SUCCESS\" > \"${SCRIPT_OUTPUT_FILE_0}\"\n";
			showEnvVarsInLog = 0;
		};
		D1626704359340B8FB98FF14 /* [CP] Embed Pods Frameworks */ = {
			isa = PBXShellScriptBuildPhase;
			buildActionMask = 2147483647;
			files = (
			);
			inputFileListPaths = (
				"${PODS_ROOT}/Target Support Files/Pods-ArkusnexusTest/Pods-ArkusnexusTest-frameworks-${CONFIGURATION}-input-files.xcfilelist",
			);
			name = "[CP] Embed Pods Frameworks";
			outputFileListPaths = (
				"${PODS_ROOT}/Target Support Files/Pods-ArkusnexusTest/Pods-ArkusnexusTest-frameworks-${CONFIGURATION}-output-files.xcfilelist",
			);
			runOnlyForDeploymentPostprocessing = 0;
			shellPath = /bin/sh;
			shellScript = "\"${PODS_ROOT}/Target Support Files/Pods-ArkusnexusTest/Pods-ArkusnexusTest-frameworks.sh\"\n";
			showEnvVarsInLog = 0;
		};
/* End PBXShellScriptBuildPhase section */

/* Begin PBXSourcesBuildPhase section */
		DB614FDF2316280900EB1B71 /* Sources */ = {
			isa = PBXSourcesBuildPhase;
			buildActionMask = 2147483647;
			files = (
				DB615027231761BB00EB1B71 /* PlaceItemTableViewCell.swift in Sources */,
				DB61502023162FF200EB1B71 /* PlacesHandler.swift in Sources */,
				DB615022231708B000EB1B71 /* PlaceDetailTableViewController.swift in Sources */,
				DB61502C2318A92F00EB1B71 /* User.swift in Sources */,
				DB61502A231777C300EB1B71 /* Extensions.swift in Sources */,
				DB614FE72316280900EB1B71 /* AppDelegate.swift in Sources */,
				DB61501C23162CAF00EB1B71 /* PlacesListTableViewController.swift in Sources */,
			);
			runOnlyForDeploymentPostprocessing = 0;
		};
		DB614FF32316280D00EB1B71 /* Sources */ = {
			isa = PBXSourcesBuildPhase;
			buildActionMask = 2147483647;
			files = (
				DB614FFC2316280D00EB1B71 /* ArkusnexusTestTests.swift in Sources */,
			);
			runOnlyForDeploymentPostprocessing = 0;
		};
		DB614FFE2316280D00EB1B71 /* Sources */ = {
			isa = PBXSourcesBuildPhase;
			buildActionMask = 2147483647;
			files = (
				DB6150072316280D00EB1B71 /* ArkusnexusTestUITests.swift in Sources */,
			);
			runOnlyForDeploymentPostprocessing = 0;
		};
/* End PBXSourcesBuildPhase section */

/* Begin PBXTargetDependency section */
		DB614FF92316280D00EB1B71 /* PBXTargetDependency */ = {
			isa = PBXTargetDependency;
			target = DB614FE22316280900EB1B71 /* ArkusnexusTest */;
			targetProxy = DB614FF82316280D00EB1B71 /* PBXContainerItemProxy */;
		};
		DB6150042316280D00EB1B71 /* PBXTargetDependency */ = {
			isa = PBXTargetDependency;
			target = DB614FE22316280900EB1B71 /* ArkusnexusTest */;
			targetProxy = DB6150032316280D00EB1B71 /* PBXContainerItemProxy */;
		};
/* End PBXTargetDependency section */

/* Begin PBXVariantGroup section */
		DB614FEA2316280900EB1B71 /* Main.storyboard */ = {
			isa = PBXVariantGroup;
			children = (
				DB614FEB2316280900EB1B71 /* Base */,
			);
			name = Main.storyboard;
			sourceTree = "<group>";
		};
		DB614FEF2316280D00EB1B71 /* LaunchScreen.storyboard */ = {
			isa = PBXVariantGroup;
			children = (
				DB614FF02316280D00EB1B71 /* Base */,
			);
			name = LaunchScreen.storyboard;
			sourceTree = "<group>";
		};
/* End PBXVariantGroup section */

/* Begin XCBuildConfiguration section */
		DB6150092316280D00EB1B71 /* Debug */ = {
			isa = XCBuildConfiguration;
			buildSettings = {
				ALWAYS_SEARCH_USER_PATHS = NO;
				CLANG_ANALYZER_NONNULL = YES;
				CLANG_ANALYZER_NUMBER_OBJECT_CONVERSION = YES_AGGRESSIVE;
				CLANG_CXX_LANGUAGE_STANDARD = "gnu++14";
				CLANG_CXX_LIBRARY = "libc++";
				CLANG_ENABLE_MODULES = YES;
				CLANG_ENABLE_OBJC_ARC = YES;
				CLANG_ENABLE_OBJC_WEAK = YES;
				CLANG_WARN_BLOCK_CAPTURE_AUTORELEASING = YES;
				CLANG_WARN_BOOL_CONVERSION = YES;
				CLANG_WARN_COMMA = YES;
				CLANG_WARN_CONSTANT_CONVERSION = YES;
				CLANG_WARN_DEPRECATED_OBJC_IMPLEMENTATIONS = YES;
				CLANG_WARN_DIRECT_OBJC_ISA_USAGE = YES_ERROR;
				CLANG_WARN_DOCUMENTATION_COMMENTS = YES;
				CLANG_WARN_EMPTY_BODY = YES;
				CLANG_WARN_ENUM_CONVERSION = YES;
				CLANG_WARN_INFINITE_RECURSION = YES;
				CLANG_WARN_INT_CONVERSION = YES;
				CLANG_WARN_NON_LITERAL_NULL_CONVERSION = YES;
				CLANG_WARN_OBJC_IMPLICIT_RETAIN_SELF = YES;
				CLANG_WARN_OBJC_LITERAL_CONVERSION = YES;
				CLANG_WARN_OBJC_ROOT_CLASS = YES_ERROR;
				CLANG_WARN_RANGE_LOOP_ANALYSIS = YES;
				CLANG_WARN_STRICT_PROTOTYPES = YES;
				CLANG_WARN_SUSPICIOUS_MOVE = YES;
				CLANG_WARN_UNGUARDED_AVAILABILITY = YES_AGGRESSIVE;
				CLANG_WARN_UNREACHABLE_CODE = YES;
				CLANG_WARN__DUPLICATE_METHOD_MATCH = YES;
				CODE_SIGN_IDENTITY = "iPhone Developer";
				COPY_PHASE_STRIP = NO;
				DEBUG_INFORMATION_FORMAT = dwarf;
				ENABLE_STRICT_OBJC_MSGSEND = YES;
				ENABLE_TESTABILITY = YES;
				GCC_C_LANGUAGE_STANDARD = gnu11;
				GCC_DYNAMIC_NO_PIC = NO;
				GCC_NO_COMMON_BLOCKS = YES;
				GCC_OPTIMIZATION_LEVEL = 0;
				GCC_PREPROCESSOR_DEFINITIONS = (
					"DEBUG=1",
					"$(inherited)",
				);
				GCC_WARN_64_TO_32_BIT_CONVERSION = YES;
				GCC_WARN_ABOUT_RETURN_TYPE = YES_ERROR;
				GCC_WARN_UNDECLARED_SELECTOR = YES;
				GCC_WARN_UNINITIALIZED_AUTOS = YES_AGGRESSIVE;
				GCC_WARN_UNUSED_FUNCTION = YES;
				GCC_WARN_UNUSED_VARIABLE = YES;
				IPHONEOS_DEPLOYMENT_TARGET = 12.4;
				MTL_ENABLE_DEBUG_INFO = INCLUDE_SOURCE;
				MTL_FAST_MATH = YES;
				ONLY_ACTIVE_ARCH = YES;
				SDKROOT = iphoneos;
				SWIFT_ACTIVE_COMPILATION_CONDITIONS = DEBUG;
				SWIFT_OPTIMIZATION_LEVEL = "-Onone";
			};
			name = Debug;
		};
		DB61500A2316280D00EB1B71 /* Release */ = {
			isa = XCBuildConfiguration;
			buildSettings = {
				ALWAYS_SEARCH_USER_PATHS = NO;
				CLANG_ANALYZER_NONNULL = YES;
				CLANG_ANALYZER_NUMBER_OBJECT_CONVERSION = YES_AGGRESSIVE;
				CLANG_CXX_LANGUAGE_STANDARD = "gnu++14";
				CLANG_CXX_LIBRARY = "libc++";
				CLANG_ENABLE_MODULES = YES;
				CLANG_ENABLE_OBJC_ARC = YES;
				CLANG_ENABLE_OBJC_WEAK = YES;
				CLANG_WARN_BLOCK_CAPTURE_AUTORELEASING = YES;
				CLANG_WARN_BOOL_CONVERSION = YES;
				CLANG_WARN_COMMA = YES;
				CLANG_WARN_CONSTANT_CONVERSION = YES;
				CLANG_WARN_DEPRECATED_OBJC_IMPLEMENTATIONS = YES;
				CLANG_WARN_DIRECT_OBJC_ISA_USAGE = YES_ERROR;
				CLANG_WARN_DOCUMENTATION_COMMENTS = YES;
				CLANG_WARN_EMPTY_BODY = YES;
				CLANG_WARN_ENUM_CONVERSION = YES;
				CLANG_WARN_INFINITE_RECURSION = YES;
				CLANG_WARN_INT_CONVERSION = YES;
				CLANG_WARN_NON_LITERAL_NULL_CONVERSION = YES;
				CLANG_WARN_OBJC_IMPLICIT_RETAIN_SELF = YES;
				CLANG_WARN_OBJC_LITERAL_CONVERSION = YES;
				CLANG_WARN_OBJC_ROOT_CLASS = YES_ERROR;
				CLANG_WARN_RANGE_LOOP_ANALYSIS = YES;
				CLANG_WARN_STRICT_PROTOTYPES = YES;
				CLANG_WARN_SUSPICIOUS_MOVE = YES;
				CLANG_WARN_UNGUARDED_AVAILABILITY = YES_AGGRESSIVE;
				CLANG_WARN_UNREACHABLE_CODE = YES;
				CLANG_WARN__DUPLICATE_METHOD_MATCH = YES;
				CODE_SIGN_IDENTITY = "iPhone Developer";
				COPY_PHASE_STRIP = NO;
				DEBUG_INFORMATION_FORMAT = "dwarf-with-dsym";
				ENABLE_NS_ASSERTIONS = NO;
				ENABLE_STRICT_OBJC_MSGSEND = YES;
				GCC_C_LANGUAGE_STANDARD = gnu11;
				GCC_NO_COMMON_BLOCKS = YES;
				GCC_WARN_64_TO_32_BIT_CONVERSION = YES;
				GCC_WARN_ABOUT_RETURN_TYPE = YES_ERROR;
				GCC_WARN_UNDECLARED_SELECTOR = YES;
				GCC_WARN_UNINITIALIZED_AUTOS = YES_AGGRESSIVE;
				GCC_WARN_UNUSED_FUNCTION = YES;
				GCC_WARN_UNUSED_VARIABLE = YES;
				IPHONEOS_DEPLOYMENT_TARGET = 12.4;
				MTL_ENABLE_DEBUG_INFO = NO;
				MTL_FAST_MATH = YES;
				SDKROOT = iphoneos;
				SWIFT_COMPILATION_MODE = wholemodule;
				SWIFT_OPTIMIZATION_LEVEL = "-O";
				VALIDATE_PRODUCT = YES;
			};
			name = Release;
		};
		DB61500C2316280D00EB1B71 /* Debug */ = {
			isa = XCBuildConfiguration;
			baseConfigurationReference = D11253995833B8D910D25AC7 /* Pods-ArkusnexusTest.debug.xcconfig */;
			buildSettings = {
				ASSETCATALOG_COMPILER_APPICON_NAME = AppIcon;
				CODE_SIGN_STYLE = Automatic;
				DEVELOPMENT_TEAM = MRD6QA65U4;
				INFOPLIST_FILE = ArkusnexusTest/Info.plist;
				LD_RUNPATH_SEARCH_PATHS = (
					"$(inherited)",
					"@executable_path/Frameworks",
				);
				PRODUCT_BUNDLE_IDENTIFIER = roger.ArkusnexusTest;
				PRODUCT_NAME = "$(TARGET_NAME)";
				SWIFT_VERSION = 5.0;
				TARGETED_DEVICE_FAMILY = "1,2";
			};
			name = Debug;
		};
		DB61500D2316280D00EB1B71 /* Release */ = {
			isa = XCBuildConfiguration;
			baseConfigurationReference = F99741CFF342F1A5CC8075C6 /* Pods-ArkusnexusTest.release.xcconfig */;
			buildSettings = {
				ASSETCATALOG_COMPILER_APPICON_NAME = AppIcon;
				CODE_SIGN_STYLE = Automatic;
				DEVELOPMENT_TEAM = MRD6QA65U4;
				INFOPLIST_FILE = ArkusnexusTest/Info.plist;
				LD_RUNPATH_SEARCH_PATHS = (
					"$(inherited)",
					"@executable_path/Frameworks",
				);
				PRODUCT_BUNDLE_IDENTIFIER = roger.ArkusnexusTest;
				PRODUCT_NAME = "$(TARGET_NAME)";
				SWIFT_VERSION = 5.0;
				TARGETED_DEVICE_FAMILY = "1,2";
			};
			name = Release;
		};
		DB61500F2316280D00EB1B71 /* Debug */ = {
			isa = XCBuildConfiguration;
			baseConfigurationReference = BE35A84C62ABDB9B51020B2D /* Pods-ArkusnexusTestTests.debug.xcconfig */;
			buildSettings = {
				ALWAYS_EMBED_SWIFT_STANDARD_LIBRARIES = YES;
				BUNDLE_LOADER = "$(TEST_HOST)";
				CODE_SIGN_STYLE = Automatic;
				DEVELOPMENT_TEAM = MRD6QA65U4;
				INFOPLIST_FILE = ArkusnexusTestTests/Info.plist;
				LD_RUNPATH_SEARCH_PATHS = (
					"$(inherited)",
					"@executable_path/Frameworks",
					"@loader_path/Frameworks",
				);
				PRODUCT_BUNDLE_IDENTIFIER = roger.ArkusnexusTestTests;
				PRODUCT_NAME = "$(TARGET_NAME)";
				SWIFT_VERSION = 5.0;
				TARGETED_DEVICE_FAMILY = "1,2";
				TEST_HOST = "$(BUILT_PRODUCTS_DIR)/ArkusnexusTest.app/ArkusnexusTest";
			};
			name = Debug;
		};
		DB6150102316280D00EB1B71 /* Release */ = {
			isa = XCBuildConfiguration;
			baseConfigurationReference = F6D09B0269D379ACFB942AA1 /* Pods-ArkusnexusTestTests.release.xcconfig */;
			buildSettings = {
				ALWAYS_EMBED_SWIFT_STANDARD_LIBRARIES = YES;
				BUNDLE_LOADER = "$(TEST_HOST)";
				CODE_SIGN_STYLE = Automatic;
				DEVELOPMENT_TEAM = MRD6QA65U4;
				INFOPLIST_FILE = ArkusnexusTestTests/Info.plist;
				LD_RUNPATH_SEARCH_PATHS = (
					"$(inherited)",
					"@executable_path/Frameworks",
					"@loader_path/Frameworks",
				);
				PRODUCT_BUNDLE_IDENTIFIER = roger.ArkusnexusTestTests;
				PRODUCT_NAME = "$(TARGET_NAME)";
				SWIFT_VERSION = 5.0;
				TARGETED_DEVICE_FAMILY = "1,2";
				TEST_HOST = "$(BUILT_PRODUCTS_DIR)/ArkusnexusTest.app/ArkusnexusTest";
			};
			name = Release;
		};
		DB6150122316280D00EB1B71 /* Debug */ = {
			isa = XCBuildConfiguration;
			baseConfigurationReference = 303196696F43CDE05DA91519 /* Pods-ArkusnexusTestUITests.debug.xcconfig */;
			buildSettings = {
				ALWAYS_EMBED_SWIFT_STANDARD_LIBRARIES = YES;
				CODE_SIGN_STYLE = Automatic;
				DEVELOPMENT_TEAM = MRD6QA65U4;
				INFOPLIST_FILE = ArkusnexusTestUITests/Info.plist;
				LD_RUNPATH_SEARCH_PATHS = (
					"$(inherited)",
					"@executable_path/Frameworks",
					"@loader_path/Frameworks",
				);
				PRODUCT_BUNDLE_IDENTIFIER = roger.ArkusnexusTestUITests;
				PRODUCT_NAME = "$(TARGET_NAME)";
				SWIFT_VERSION = 5.0;
				TARGETED_DEVICE_FAMILY = "1,2";
				TEST_TARGET_NAME = ArkusnexusTest;
			};
			name = Debug;
		};
		DB6150132316280D00EB1B71 /* Release */ = {
			isa = XCBuildConfiguration;
			baseConfigurationReference = 382654B56A75DE5F3063563A /* Pods-ArkusnexusTestUITests.release.xcconfig */;
			buildSettings = {
				ALWAYS_EMBED_SWIFT_STANDARD_LIBRARIES = YES;
				CODE_SIGN_STYLE = Automatic;
				DEVELOPMENT_TEAM = MRD6QA65U4;
				INFOPLIST_FILE = ArkusnexusTestUITests/Info.plist;
				LD_RUNPATH_SEARCH_PATHS = (
					"$(inherited)",
					"@executable_path/Frameworks",
					"@loader_path/Frameworks",
				);
				PRODUCT_BUNDLE_IDENTIFIER = roger.ArkusnexusTestUITests;
				PRODUCT_NAME = "$(TARGET_NAME)";
				SWIFT_VERSION = 5.0;
				TARGETED_DEVICE_FAMILY = "1,2";
				TEST_TARGET_NAME = ArkusnexusTest;
			};
			name = Release;
		};
/* End XCBuildConfiguration section */

/* Begin XCConfigurationList section */
		DB614FDE2316280900EB1B71 /* Build configuration list for PBXProject "ArkusnexusTest" */ = {
			isa = XCConfigurationList;
			buildConfigurations = (
				DB6150092316280D00EB1B71 /* Debug */,
				DB61500A2316280D00EB1B71 /* Release */,
			);
			defaultConfigurationIsVisible = 0;
			defaultConfigurationName = Release;
		};
		DB61500B2316280D00EB1B71 /* Build configuration list for PBXNativeTarget "ArkusnexusTest" */ = {
			isa = XCConfigurationList;
			buildConfigurations = (
				DB61500C2316280D00EB1B71 /* Debug */,
				DB61500D2316280D00EB1B71 /* Release */,
			);
			defaultConfigurationIsVisible = 0;
			defaultConfigurationName = Release;
		};
		DB61500E2316280D00EB1B71 /* Build configuration list for PBXNativeTarget "ArkusnexusTestTests" */ = {
			isa = XCConfigurationList;
			buildConfigurations = (
				DB61500F2316280D00EB1B71 /* Debug */,
				DB6150102316280D00EB1B71 /* Release */,
			);
			defaultConfigurationIsVisible = 0;
			defaultConfigurationName = Release;
		};
		DB6150112316280D00EB1B71 /* Build configuration list for PBXNativeTarget "ArkusnexusTestUITests" */ = {
			isa = XCConfigurationList;
			buildConfigurations = (
				DB6150122316280D00EB1B71 /* Debug */,
				DB6150132316280D00EB1B71 /* Release */,
			);
			defaultConfigurationIsVisible = 0;
			defaultConfigurationName = Release;
		};
/* End XCConfigurationList section */
	};
	rootObject = DB614FDB2316280900EB1B71 /* Project object */;
}
